{
  "name": "flint-web",
  "version": "0.0.0",
  "lockfileVersion": 2,
  "requires": true,
  "packages": {
    "": {
      "name": "flint-web",
      "version": "0.0.0",
      "dependencies": {
        "antd": "^4.21.0",
        "react": "^18.0.0",
        "react-dom": "^18.0.0",
        "react-router-dom": "^6.3.0",
        "react-transition-group": "^4.4.2"
      },
      "devDependencies": {
        "@types/react": "^18.0.0",
        "@types/react-dom": "^18.0.0",
        "@types/react-transition-group": "^4.4.4",
        "@vitejs/plugin-react": "^1.3.0",
        "typescript": "^4.6.3",
        "vite": "^2.9.9"
      }
    },
    "../../node_modules/.pnpm/@types+react-dom@18.0.4/node_modules/@types/react-dom": {
      "version": "18.0.4",
      "dev": true,
      "license": "MIT",
      "dependencies": {
        "@types/react": "*"
      }
    },
    "../../node_modules/.pnpm/@types+react@18.0.9/node_modules/@types/react": {
      "version": "18.0.9",
      "dev": true,
      "license": "MIT",
      "dependencies": {
        "@types/prop-types": "*",
        "@types/scheduler": "*",
        "csstype": "^3.0.2"
      }
    },
    "../../node_modules/.pnpm/@vitejs+plugin-react@1.3.2/node_modules/@vitejs/plugin-react": {
      "version": "1.3.2",
      "dev": true,
      "license": "MIT",
      "dependencies": {
        "@babel/core": "^7.17.10",
        "@babel/plugin-transform-react-jsx": "^7.17.3",
        "@babel/plugin-transform-react-jsx-development": "^7.16.7",
        "@babel/plugin-transform-react-jsx-self": "^7.16.7",
        "@babel/plugin-transform-react-jsx-source": "^7.16.7",
        "@rollup/pluginutils": "^4.2.1",
        "react-refresh": "^0.13.0",
        "resolve": "^1.22.0"
      },
      "engines": {
        "node": ">=12.0.0"
      }
    },
    "../../node_modules/.pnpm/antd@4.21.0_ef5jwxihqo6n7gxfmzogljlgcm/node_modules/antd": {
      "version": "4.21.0",
      "license": "MIT",
      "dependencies": {
        "@ant-design/colors": "^6.0.0",
        "@ant-design/icons": "^4.7.0",
        "@ant-design/react-slick": "~0.28.1",
        "@babel/runtime": "^7.12.5",
        "@ctrl/tinycolor": "^3.4.0",
        "classnames": "^2.2.6",
        "copy-to-clipboard": "^3.2.0",
        "lodash": "^4.17.21",
        "memoize-one": "^6.0.0",
        "moment": "^2.29.2",
        "rc-cascader": "~3.6.0",
        "rc-checkbox": "~2.3.0",
        "rc-collapse": "~3.3.0",
        "rc-dialog": "~8.8.2",
        "rc-drawer": "~4.4.2",
        "rc-dropdown": "~4.0.0",
        "rc-field-form": "~1.26.1",
        "rc-image": "~5.6.0",
        "rc-input": "~0.0.1-alpha.5",
        "rc-input-number": "~7.3.0",
        "rc-mentions": "~1.8.0",
        "rc-menu": "~9.6.0",
        "rc-motion": "^2.5.1",
        "rc-notification": "~4.6.0",
        "rc-pagination": "~3.1.16",
        "rc-picker": "~2.6.8",
        "rc-progress": "~3.3.2",
        "rc-rate": "~2.9.0",
        "rc-resize-observer": "^1.2.0",
        "rc-segmented": "~2.1.0",
        "rc-select": "~14.1.1",
        "rc-slider": "~10.0.0",
        "rc-steps": "~4.1.0",
        "rc-switch": "~3.2.0",
        "rc-table": "~7.24.0",
        "rc-tabs": "~11.16.0",
        "rc-textarea": "~0.3.0",
        "rc-tooltip": "~5.1.1",
        "rc-tree": "~5.6.4",
        "rc-tree-select": "~5.4.0",
        "rc-trigger": "^5.2.10",
        "rc-upload": "~4.3.0",
        "rc-util": "^5.20.0",
        "scroll-into-view-if-needed": "^2.2.25"
      },
      "devDependencies": {
        "@ant-design/bisheng-plugin": "^3.2.0",
        "@ant-design/hitu": "^0.0.0-alpha.13",
        "@ant-design/tools": "^15.0.2",
        "@docsearch/css": "^3.0.0",
        "@qixian.cs/github-contributors-list": "^1.0.3",
        "@stackblitz/sdk": "^1.3.0",
        "@testing-library/jest-dom": "^5.16.3",
        "@testing-library/react": "^12.0.0",
        "@types/enzyme": "^3.10.5",
        "@types/gtag.js": "^0.0.10",
        "@types/jest": "^28.0.0",
        "@types/jest-axe": "^3.5.3",
        "@types/jest-environment-puppeteer": "^5.0.0",
        "@types/jest-image-snapshot": "^4.1.0",
        "@types/lodash": "^4.14.139",
        "@types/puppeteer": "^5.4.0",
        "@types/qs": "^6.9.7",
        "@types/react": "^18.0.0",
        "@types/react-color": "^3.0.1",
        "@types/react-copy-to-clipboard": "^5.0.0",
        "@types/react-dom": "^18.0.0",
        "@types/react-highlight-words": "^0.16.4",
        "@types/react-resizable": "^3.0.0",
        "@types/react-sticky": "^6.0.4",
        "@types/react-window": "^1.8.2",
        "@types/warning": "^3.0.0",
        "@typescript-eslint/eslint-plugin": "^5.0.0",
        "@typescript-eslint/parser": "^5.0.0",
        "@wojtekmaj/enzyme-adapter-react-17": "^0.6.0",
        "antd-img-crop": "^4.0.0",
        "array-move": "^4.0.0",
        "babel-plugin-add-react-displayname": "^0.0.5",
        "bisheng": "^3.5.0",
        "bisheng-plugin-description": "^0.1.4",
        "bisheng-plugin-react": "^1.2.0",
        "bisheng-plugin-toc": "^0.4.4",
        "bundlesize": "^0.18.0",
        "chalk": "^4.0.0",
        "cheerio": "1.0.0-rc.10",
        "concurrently": "^7.0.0",
        "cross-env": "^7.0.0",
        "css-minimizer-webpack-plugin": "^1.3.0",
        "dekko": "^0.2.1",
        "docsearch-react-fork": "^0.0.0-alpha.0",
        "docsearch.js": "^2.6.3",
        "duplicate-package-checker-webpack-plugin": "^3.0.0",
        "enquire-js": "^0.2.1",
        "enzyme": "^3.10.0",
        "enzyme-to-json": "^3.6.0",
        "esbuild-loader": "^2.13.1",
        "eslint": "^8.0.0",
        "eslint-config-airbnb": "^19.0.0",
        "eslint-config-prettier": "^8.0.0",
        "eslint-plugin-babel": "^5.3.0",
        "eslint-plugin-compat": "^4.0.0",
        "eslint-plugin-import": "^2.21.1",
        "eslint-plugin-jest": "^26.4.0",
        "eslint-plugin-jsx-a11y": "^6.2.1",
        "eslint-plugin-markdown": "^2.0.0",
        "eslint-plugin-react": "^7.28.0",
        "eslint-plugin-react-hooks": "^4.1.2",
        "eslint-plugin-unicorn": "^42.0.0",
        "fast-glob": "^3.2.11",
        "fetch-jsonp": "^1.1.3",
        "fs-extra": "^10.0.0",
        "full-icu": "^1.3.0",
        "glob": "^8.0.1",
        "http-server": "^14.0.0",
        "husky": "^8.0.1",
        "identity-obj-proxy": "^3.0.0",
        "immer": "^9.0.1",
        "immutability-helper": "^3.0.0",
        "inquirer": "^8.0.0",
        "intersection-observer": "^0.12.0",
        "isomorphic-fetch": "^3.0.0",
        "jest": "^28.0.3",
        "jest-axe": "^6.0.0",
        "jest-environment-jsdom": "^28.0.2",
        "jest-environment-node": "^28.0.2",
        "jest-image-snapshot": "^5.1.0",
        "jest-puppeteer": "^6.0.0",
        "jquery": "^3.4.1",
        "jsdom": "^19.0.0",
        "jsonml.js": "^0.1.0",
        "less-vars-to-js": "^1.3.0",
        "lz-string": "^1.4.4",
        "mini-css-extract-plugin": "^1.6.2",
        "mockdate": "^3.0.0",
        "open": "^8.0.1",
        "prettier": "^2.3.2",
        "prettier-plugin-jsdoc": "^0.3.0",
        "pretty-quick": "^3.0.0",
        "qs": "^6.10.1",
        "rc-footer": "^0.6.6",
        "rc-tween-one": "^3.0.3",
        "rc-virtual-list": "^3.4.2",
        "react": "^17.0.0",
        "react-color": "^2.17.3",
        "react-copy-to-clipboard": "^5.0.1",
        "react-dnd": "^15.0.0",
        "react-dnd-html5-backend": "^15.0.0",
        "react-dom": "^17.0.0",
        "react-draggable": "^4.4.3",
        "react-fast-marquee": "^1.2.1",
        "react-github-button": "^0.1.11",
        "react-helmet-async": "~1.3.0",
        "react-highlight-words": "^0.18.0",
        "react-infinite-scroll-component": "^6.1.0",
        "react-intl": "^6.0.1",
        "react-resizable": "^3.0.1",
        "react-router-dom": "^6.0.2",
        "react-sortable-hoc": "^2.0.0",
        "react-sticky": "^6.0.3",
        "react-text-loop-next": "0.0.3",
        "react-window": "^1.8.5",
        "remark": "^14.0.1",
        "remark-cli": "^10.0.0",
        "remark-lint": "^9.0.0",
        "remark-preset-lint-recommended": "^6.0.0",
        "remove-files-webpack-plugin": "1.4.4",
        "rimraf": "^3.0.0",
        "scrollama": "^3.0.0",
        "semver": "^7.3.5",
        "simple-git": "^3.0.0",
        "stylelint": "14.8.3",
        "stylelint-config-prettier": "^9.0.2",
        "stylelint-config-rational-order": "^0.1.2",
        "stylelint-config-standard": "^25.0.0",
        "stylelint-declaration-block-no-ignored-properties": "^2.1.0",
        "stylelint-order": "^5.0.0",
        "theme-switcher": "^1.0.2",
        "typescript": "~4.7.2",
        "webpack-bundle-analyzer": "^4.1.0",
        "xhr-mock": "^2.4.1",
        "yaml-front-matter": "^4.0.0"
      },
      "funding": {
        "type": "opencollective",
        "url": "https://opencollective.com/ant-design"
      },
      "peerDependencies": {
        "react": ">=16.9.0",
        "react-dom": ">=16.9.0"
      }
    },
    "../../node_modules/.pnpm/react-dom@18.1.0_react@18.1.0/node_modules/react-dom": {
      "version": "18.1.0",
      "license": "MIT",
      "dependencies": {
        "loose-envify": "^1.1.0",
        "scheduler": "^0.22.0"
      },
      "peerDependencies": {
        "react": "^18.1.0"
      }
    },
    "../../node_modules/.pnpm/react-router-dom@6.3.0_ef5jwxihqo6n7gxfmzogljlgcm/node_modules/react-router-dom": {
      "version": "6.3.0",
      "license": "MIT",
      "dependencies": {
        "history": "^5.2.0",
        "react-router": "6.3.0"
      },
      "peerDependencies": {
        "react": ">=16.8",
        "react-dom": ">=16.8"
      }
    },
    "../../node_modules/.pnpm/react-transition-group@4.4.2_ef5jwxihqo6n7gxfmzogljlgcm/node_modules/react-transition-group": {
      "version": "4.4.2",
      "license": "BSD-3-Clause",
      "dependencies": {
        "@babel/runtime": "^7.5.5",
        "dom-helpers": "^5.0.1",
        "loose-envify": "^1.4.0",
        "prop-types": "^15.6.2"
      },
      "peerDependencies": {
        "react": ">=16.6.0",
        "react-dom": ">=16.6.0"
      }
    },
    "../../node_modules/.pnpm/react@18.1.0/node_modules/react": {
      "version": "18.1.0",
      "license": "MIT",
      "dependencies": {
        "loose-envify": "^1.1.0"
      },
      "engines": {
        "node": ">=0.10.0"
      }
    },
    "../../node_modules/.pnpm/typescript@4.6.4/node_modules/typescript": {
      "version": "4.6.4",
      "dev": true,
      "license": "Apache-2.0",
      "bin": {
        "tsc": "bin/tsc",
        "tsserver": "bin/tsserver"
      },
      "devDependencies": {
        "@octokit/rest": "latest",
        "@types/browserify": "latest",
        "@types/chai": "latest",
        "@types/convert-source-map": "latest",
        "@types/glob": "latest",
        "@types/gulp": "^4.0.9",
        "@types/gulp-concat": "latest",
        "@types/gulp-newer": "latest",
        "@types/gulp-rename": "0.0.33",
        "@types/gulp-sourcemaps": "0.0.32",
        "@types/jake": "latest",
        "@types/merge2": "latest",
        "@types/microsoft__typescript-etw": "latest",
        "@types/minimatch": "latest",
        "@types/minimist": "latest",
        "@types/mkdirp": "latest",
        "@types/mocha": "latest",
        "@types/ms": "latest",
        "@types/node": "latest",
        "@types/node-fetch": "^2.3.4",
        "@types/q": "latest",
        "@types/source-map-support": "latest",
        "@types/through2": "latest",
        "@types/xml2js": "^0.4.0",
        "@typescript-eslint/eslint-plugin": "^4.28.0",
        "@typescript-eslint/experimental-utils": "^4.28.0",
        "@typescript-eslint/parser": "^4.28.0",
        "async": "latest",
        "azure-devops-node-api": "^11.0.1",
        "browser-resolve": "^1.11.2",
        "browserify": "latest",
        "chai": "latest",
        "chalk": "^4.1.2",
        "convert-source-map": "latest",
        "del": "5.1.0",
        "diff": "^4.0.2",
        "eslint": "7.12.1",
        "eslint-formatter-autolinkable-stylish": "1.1.4",
        "eslint-plugin-import": "2.22.1",
        "eslint-plugin-jsdoc": "30.7.6",
        "eslint-plugin-no-null": "1.0.2",
        "fancy-log": "latest",
        "fs-extra": "^9.0.0",
        "glob": "latest",
        "gulp": "^4.0.0",
        "gulp-concat": "latest",
        "gulp-insert": "latest",
        "gulp-newer": "latest",
        "gulp-rename": "latest",
        "gulp-sourcemaps": "latest",
        "merge2": "latest",
        "minimist": "latest",
        "mkdirp": "latest",
        "mocha": "latest",
        "mocha-fivemat-progress-reporter": "latest",
        "ms": "^2.1.3",
        "node-fetch": "^2.6.1",
        "plugin-error": "latest",
        "pretty-hrtime": "^1.0.3",
        "prex": "^0.4.3",
        "q": "latest",
        "source-map-support": "latest",
        "through2": "latest",
        "typescript": "^4.5.5",
        "vinyl": "latest",
        "vinyl-sourcemaps-apply": "latest",
        "xml2js": "^0.4.19"
      },
      "engines": {
        "node": ">=4.2.0"
      }
    },
    "../../node_modules/.pnpm/vite@2.9.9/node_modules/vite": {
      "version": "2.9.9",
      "dev": true,
      "license": "MIT",
      "dependencies": {
        "esbuild": "^0.14.27",
        "postcss": "^8.4.13",
        "resolve": "^1.22.0",
        "rollup": "^2.59.0"
      },
      "bin": {
        "vite": "bin/vite.js"
      },
      "devDependencies": {
        "@ampproject/remapping": "^2.2.0",
        "@babel/parser": "^7.17.10",
        "@babel/types": "^7.17.10",
        "@jridgewell/trace-mapping": "^0.3.9",
        "@rollup/plugin-alias": "^3.1.9",
        "@rollup/plugin-commonjs": "^21.1.0",
        "@rollup/plugin-dynamic-import-vars": "^1.4.3",
        "@rollup/plugin-json": "^4.1.0",
        "@rollup/plugin-node-resolve": "13.2.1",
        "@rollup/plugin-typescript": "^8.3.2",
        "@rollup/pluginutils": "^4.2.1",
        "@types/convert-source-map": "^1.5.2",
        "@types/cross-spawn": "^6.0.2",
        "@types/debug": "^4.1.7",
        "@types/estree": "^0.0.51",
        "@types/etag": "^1.8.1",
        "@types/less": "^3.0.3",
        "@types/micromatch": "^4.0.2",
        "@types/mime": "^2.0.3",
        "@types/node": "^17.0.25",
        "@types/resolve": "^1.20.2",
        "@types/sass": "~1.43.1",
        "@types/stylus": "^0.48.37",
        "@types/ws": "^8.5.3",
        "@vue/compiler-dom": "^3.2.33",
        "acorn": "^8.7.1",
        "cac": "6.7.9",
        "chokidar": "^3.5.3",
        "connect": "^3.7.0",
        "connect-history-api-fallback": "^1.6.0",
        "convert-source-map": "^1.8.0",
        "cors": "^2.8.5",
        "cross-spawn": "^7.0.3",
        "debug": "^4.3.4",
        "dotenv": "^14.3.2",
        "dotenv-expand": "^5.1.0",
        "es-module-lexer": "^0.10.5",
        "estree-walker": "^2.0.2",
        "etag": "^1.8.1",
        "fast-glob": "^3.2.11",
        "http-proxy": "^1.18.1",
        "json5": "^2.2.1",
        "launch-editor-middleware": "^2.3.0",
        "magic-string": "^0.26.1",
        "micromatch": "^4.0.5",
        "mrmime": "^1.0.0",
        "node-forge": "^1.3.1",
        "okie": "^1.0.1",
        "open": "^8.4.0",
        "periscopic": "^2.0.3",
        "picocolors": "^1.0.0",
        "postcss-import": "^14.1.0",
        "postcss-load-config": "^3.1.4",
        "postcss-modules": "^4.3.1",
        "resolve.exports": "^1.1.0",
        "rollup-plugin-license": "^2.7.0",
        "sirv": "^2.0.2",
        "source-map-js": "^1.0.2",
        "source-map-support": "^0.5.21",
        "strip-ansi": "^6.0.1",
        "strip-literal": "^0.2.0",
        "terser": "^5.13.1",
        "tsconfck": "^1.2.2",
        "tslib": "^2.4.0",
        "types": "link:./types",
        "ws": "^8.6.0"
      },
      "engines": {
        "node": ">=12.2.0"
      },
      "optionalDependencies": {
        "fsevents": "~2.3.2"
      },
      "peerDependencies": {
        "less": "*",
        "sass": "*",
        "stylus": "*"
      },
      "peerDependenciesMeta": {
        "less": {
          "optional": true
        },
        "sass": {
          "optional": true
        },
        "stylus": {
          "optional": true
        }
      }
    },
    "node_modules/@types/react": {
      "resolved": "../../node_modules/.pnpm/@types+react@18.0.9/node_modules/@types/react",
      "link": true
    },
    "node_modules/@types/react-dom": {
      "resolved": "../../node_modules/.pnpm/@types+react-dom@18.0.4/node_modules/@types/react-dom",
      "link": true
    },
    "node_modules/@types/react-transition-group": {
      "version": "4.4.4",
      "resolved": "https://registry.npmjs.org/@types/react-transition-group/-/react-transition-group-4.4.4.tgz",
      "integrity": "sha512-7gAPz7anVK5xzbeQW9wFBDg7G++aPLAFY0QaSMOou9rJZpbuI58WAuJrgu+qR92l61grlnCUe7AFX8KGahAgug==",
      "dev": true,
      "dependencies": {
        "@types/react": "*"
      }
    },
    "node_modules/@vitejs/plugin-react": {
      "resolved": "../../node_modules/.pnpm/@vitejs+plugin-react@1.3.2/node_modules/@vitejs/plugin-react",
      "link": true
    },
    "node_modules/antd": {
      "resolved": "../../node_modules/.pnpm/antd@4.21.0_ef5jwxihqo6n7gxfmzogljlgcm/node_modules/antd",
      "link": true
    },
    "node_modules/react": {
      "resolved": "../../node_modules/.pnpm/react@18.1.0/node_modules/react",
      "link": true
    },
    "node_modules/react-dom": {
      "resolved": "../../node_modules/.pnpm/react-dom@18.1.0_react@18.1.0/node_modules/react-dom",
      "link": true
    },
    "node_modules/react-router-dom": {
      "resolved": "../../node_modules/.pnpm/react-router-dom@6.3.0_ef5jwxihqo6n7gxfmzogljlgcm/node_modules/react-router-dom",
      "link": true
    },
    "node_modules/react-transition-group": {
      "resolved": "../../node_modules/.pnpm/react-transition-group@4.4.2_ef5jwxihqo6n7gxfmzogljlgcm/node_modules/react-transition-group",
      "link": true
    },
    "node_modules/typescript": {
      "resolved": "../../node_modules/.pnpm/typescript@4.6.4/node_modules/typescript",
      "link": true
    },
    "node_modules/vite": {
      "resolved": "../../node_modules/.pnpm/vite@2.9.9/node_modules/vite",
      "link": true
    }
  },
  "dependencies": {
    "@types/react": {
      "version": "file:../../node_modules/.pnpm/@types+react@18.0.9/node_modules/@types/react",
      "requires": {
        "@types/prop-types": "*",
        "@types/scheduler": "*",
        "csstype": "^3.0.2"
      }
    },
    "@types/react-dom": {
      "version": "file:../../node_modules/.pnpm/@types+react-dom@18.0.4/node_modules/@types/react-dom",
      "requires": {
        "@types/react": "*"
      }
    },
    "@types/react-transition-group": {
      "version": "4.4.4",
      "resolved": "https://registry.npmjs.org/@types/react-transition-group/-/react-transition-group-4.4.4.tgz",
      "integrity": "sha512-7gAPz7anVK5xzbeQW9wFBDg7G++aPLAFY0QaSMOou9rJZpbuI58WAuJrgu+qR92l61grlnCUe7AFX8KGahAgug==",
      "dev": true,
      "requires": {
        "@types/react": "*"
      }
    },
    "@vitejs/plugin-react": {
      "version": "file:../../node_modules/.pnpm/@vitejs+plugin-react@1.3.2/node_modules/@vitejs/plugin-react",
      "requires": {
        "@babel/core": "^7.17.10",
        "@babel/plugin-transform-react-jsx": "^7.17.3",
        "@babel/plugin-transform-react-jsx-development": "^7.16.7",
        "@babel/plugin-transform-react-jsx-self": "^7.16.7",
        "@babel/plugin-transform-react-jsx-source": "^7.16.7",
        "@rollup/pluginutils": "^4.2.1",
        "react-refresh": "^0.13.0",
        "resolve": "^1.22.0"
      }
    },
    "antd": {
      "version": "file:../../node_modules/.pnpm/antd@4.21.0_ef5jwxihqo6n7gxfmzogljlgcm/node_modules/antd",
      "requires": {
        "@ant-design/bisheng-plugin": "^3.2.0",
        "@ant-design/colors": "^6.0.0",
        "@ant-design/hitu": "^0.0.0-alpha.13",
        "@ant-design/icons": "^4.7.0",
        "@ant-design/react-slick": "~0.28.1",
        "@ant-design/tools": "^15.0.2",
        "@babel/runtime": "^7.12.5",
        "@ctrl/tinycolor": "^3.4.0",
        "@docsearch/css": "^3.0.0",
        "@qixian.cs/github-contributors-list": "^1.0.3",
        "@stackblitz/sdk": "^1.3.0",
        "@testing-library/jest-dom": "^5.16.3",
        "@testing-library/react": "^12.0.0",
        "@types/enzyme": "^3.10.5",
        "@types/gtag.js": "^0.0.10",
        "@types/jest": "^28.0.0",
        "@types/jest-axe": "^3.5.3",
        "@types/jest-environment-puppeteer": "^5.0.0",
        "@types/jest-image-snapshot": "^4.1.0",
        "@types/lodash": "^4.14.139",
        "@types/puppeteer": "^5.4.0",
        "@types/qs": "^6.9.7",
        "@types/react": "^18.0.0",
        "@types/react-color": "^3.0.1",
        "@types/react-copy-to-clipboard": "^5.0.0",
        "@types/react-dom": "^18.0.0",
        "@types/react-highlight-words": "^0.16.4",
        "@types/react-resizable": "^3.0.0",
        "@types/react-sticky": "^6.0.4",
        "@types/react-window": "^1.8.2",
        "@types/warning": "^3.0.0",
        "@typescript-eslint/eslint-plugin": "^5.0.0",
        "@typescript-eslint/parser": "^5.0.0",
        "@wojtekmaj/enzyme-adapter-react-17": "^0.6.0",
        "antd-img-crop": "^4.0.0",
        "array-move": "^4.0.0",
        "babel-plugin-add-react-displayname": "^0.0.5",
        "bisheng": "^3.5.0",
        "bisheng-plugin-description": "^0.1.4",
        "bisheng-plugin-react": "^1.2.0",
        "bisheng-plugin-toc": "^0.4.4",
        "bundlesize": "^0.18.0",
        "chalk": "^4.0.0",
        "cheerio": "1.0.0-rc.10",
        "classnames": "^2.2.6",
        "concurrently": "^7.0.0",
        "copy-to-clipboard": "^3.2.0",
        "cross-env": "^7.0.0",
        "css-minimizer-webpack-plugin": "^1.3.0",
        "dekko": "^0.2.1",
        "docsearch-react-fork": "^0.0.0-alpha.0",
        "docsearch.js": "^2.6.3",
        "duplicate-package-checker-webpack-plugin": "^3.0.0",
        "enquire-js": "^0.2.1",
        "enzyme": "^3.10.0",
        "enzyme-to-json": "^3.6.0",
        "esbuild-loader": "^2.13.1",
        "eslint": "^8.0.0",
        "eslint-config-airbnb": "^19.0.0",
        "eslint-config-prettier": "^8.0.0",
        "eslint-plugin-babel": "^5.3.0",
        "eslint-plugin-compat": "^4.0.0",
        "eslint-plugin-import": "^2.21.1",
        "eslint-plugin-jest": "^26.4.0",
        "eslint-plugin-jsx-a11y": "^6.2.1",
        "eslint-plugin-markdown": "^2.0.0",
        "eslint-plugin-react": "^7.28.0",
        "eslint-plugin-react-hooks": "^4.1.2",
        "eslint-plugin-unicorn": "^42.0.0",
        "fast-glob": "^3.2.11",
        "fetch-jsonp": "^1.1.3",
        "fs-extra": "^10.0.0",
        "full-icu": "^1.3.0",
        "glob": "^8.0.1",
        "http-server": "^14.0.0",
        "husky": "^8.0.1",
        "identity-obj-proxy": "^3.0.0",
        "immer": "^9.0.1",
        "immutability-helper": "^3.0.0",
        "inquirer": "^8.0.0",
        "intersection-observer": "^0.12.0",
        "isomorphic-fetch": "^3.0.0",
        "jest": "^28.0.3",
        "jest-axe": "^6.0.0",
        "jest-environment-jsdom": "^28.0.2",
        "jest-environment-node": "^28.0.2",
        "jest-image-snapshot": "^5.1.0",
        "jest-puppeteer": "^6.0.0",
        "jquery": "^3.4.1",
        "jsdom": "^19.0.0",
        "jsonml.js": "^0.1.0",
        "less-vars-to-js": "^1.3.0",
        "lodash": "^4.17.21",
        "lz-string": "^1.4.4",
        "memoize-one": "^6.0.0",
        "mini-css-extract-plugin": "^1.6.2",
        "mockdate": "^3.0.0",
        "moment": "^2.29.2",
        "open": "^8.0.1",
        "prettier": "^2.3.2",
        "prettier-plugin-jsdoc": "^0.3.0",
        "pretty-quick": "^3.0.0",
        "qs": "^6.10.1",
        "rc-cascader": "~3.6.0",
        "rc-checkbox": "~2.3.0",
        "rc-collapse": "~3.3.0",
        "rc-dialog": "~8.8.2",
        "rc-drawer": "~4.4.2",
        "rc-dropdown": "~4.0.0",
        "rc-field-form": "~1.26.1",
        "rc-footer": "^0.6.6",
        "rc-image": "~5.6.0",
        "rc-input": "~0.0.1-alpha.5",
        "rc-input-number": "~7.3.0",
        "rc-mentions": "~1.8.0",
        "rc-menu": "~9.6.0",
        "rc-motion": "^2.5.1",
        "rc-notification": "~4.6.0",
        "rc-pagination": "~3.1.16",
        "rc-picker": "~2.6.8",
        "rc-progress": "~3.3.2",
        "rc-rate": "~2.9.0",
        "rc-resize-observer": "^1.2.0",
        "rc-segmented": "~2.1.0",
        "rc-select": "~14.1.1",
        "rc-slider": "~10.0.0",
        "rc-steps": "~4.1.0",
        "rc-switch": "~3.2.0",
        "rc-table": "~7.24.0",
        "rc-tabs": "~11.16.0",
        "rc-textarea": "~0.3.0",
        "rc-tooltip": "~5.1.1",
        "rc-tree": "~5.6.4",
        "rc-tree-select": "~5.4.0",
        "rc-trigger": "^5.2.10",
        "rc-tween-one": "^3.0.3",
        "rc-upload": "~4.3.0",
        "rc-util": "^5.20.0",
        "rc-virtual-list": "^3.4.2",
        "react": "^17.0.0",
        "react-color": "^2.17.3",
        "react-copy-to-clipboard": "^5.0.1",
        "react-dnd": "^15.0.0",
        "react-dnd-html5-backend": "^15.0.0",
        "react-dom": "^17.0.0",
        "react-draggable": "^4.4.3",
        "react-fast-marquee": "^1.2.1",
        "react-github-button": "^0.1.11",
        "react-helmet-async": "~1.3.0",
        "react-highlight-words": "^0.18.0",
        "react-infinite-scroll-component": "^6.1.0",
        "react-intl": "^6.0.1",
        "react-resizable": "^3.0.1",
        "react-router-dom": "^6.0.2",
        "react-sortable-hoc": "^2.0.0",
        "react-sticky": "^6.0.3",
        "react-text-loop-next": "0.0.3",
        "react-window": "^1.8.5",
        "remark": "^14.0.1",
        "remark-cli": "^10.0.0",
        "remark-lint": "^9.0.0",
        "remark-preset-lint-recommended": "^6.0.0",
        "remove-files-webpack-plugin": "1.4.4",
        "rimraf": "^3.0.0",
        "scroll-into-view-if-needed": "^2.2.25",
        "scrollama": "^3.0.0",
        "semver": "^7.3.5",
        "simple-git": "^3.0.0",
        "stylelint": "14.8.3",
        "stylelint-config-prettier": "^9.0.2",
        "stylelint-config-rational-order": "^0.1.2",
        "stylelint-config-standard": "^25.0.0",
        "stylelint-declaration-block-no-ignored-properties": "^2.1.0",
        "stylelint-order": "^5.0.0",
        "theme-switcher": "^1.0.2",
        "typescript": "~4.7.2",
        "webpack-bundle-analyzer": "^4.1.0",
        "xhr-mock": "^2.4.1",
        "yaml-front-matter": "^4.0.0"
      }
    },
    "react": {
      "version": "file:../../node_modules/.pnpm/react@18.1.0/node_modules/react",
      "requires": {
        "loose-envify": "^1.1.0"
      }
    },
    "react-dom": {
      "version": "file:../../node_modules/.pnpm/react-dom@18.1.0_react@18.1.0/node_modules/react-dom",
      "requires": {
        "loose-envify": "^1.1.0",
        "scheduler": "^0.22.0"
      }
    },
    "react-router-dom": {
      "version": "file:../../node_modules/.pnpm/react-router-dom@6.3.0_ef5jwxihqo6n7gxfmzogljlgcm/node_modules/react-router-dom",
      "requires": {
        "history": "^5.2.0",
        "react-router": "6.3.0"
      }
    },
    "react-transition-group": {
      "version": "file:../../node_modules/.pnpm/react-transition-group@4.4.2_ef5jwxihqo6n7gxfmzogljlgcm/node_modules/react-transition-group",
      "requires": {
        "@babel/runtime": "^7.5.5",
        "dom-helpers": "^5.0.1",
        "loose-envify": "^1.4.0",
        "prop-types": "^15.6.2"
      }
    },
    "typescript": {
      "version": "file:../../node_modules/.pnpm/typescript@4.6.4/node_modules/typescript",
      "requires": {
        "@octokit/rest": "latest",
        "@types/browserify": "latest",
        "@types/chai": "latest",
        "@types/convert-source-map": "latest",
        "@types/glob": "latest",
        "@types/gulp": "^4.0.9",
        "@types/gulp-concat": "latest",
        "@types/gulp-newer": "latest",
        "@types/gulp-rename": "0.0.33",
        "@types/gulp-sourcemaps": "0.0.32",
        "@types/jake": "latest",
        "@types/merge2": "latest",
        "@types/microsoft__typescript-etw": "latest",
        "@types/minimatch": "latest",
        "@types/minimist": "latest",
        "@types/mkdirp": "latest",
        "@types/mocha": "latest",
        "@types/ms": "latest",
        "@types/node": "latest",
        "@types/node-fetch": "^2.3.4",
        "@types/q": "latest",
        "@types/source-map-support": "latest",
        "@types/through2": "latest",
        "@types/xml2js": "^0.4.0",
        "@typescript-eslint/eslint-plugin": "^4.28.0",
        "@typescript-eslint/experimental-utils": "^4.28.0",
        "@typescript-eslint/parser": "^4.28.0",
        "async": "latest",
        "azure-devops-node-api": "^11.0.1",
        "browser-resolve": "^1.11.2",
        "browserify": "latest",
        "chai": "latest",
        "chalk": "^4.1.2",
        "convert-source-map": "latest",
        "del": "5.1.0",
        "diff": "^4.0.2",
        "eslint": "7.12.1",
        "eslint-formatter-autolinkable-stylish": "1.1.4",
        "eslint-plugin-import": "2.22.1",
        "eslint-plugin-jsdoc": "30.7.6",
        "eslint-plugin-no-null": "1.0.2",
        "fancy-log": "latest",
        "fs-extra": "^9.0.0",
        "glob": "latest",
        "gulp": "^4.0.0",
        "gulp-concat": "latest",
        "gulp-insert": "latest",
        "gulp-newer": "latest",
        "gulp-rename": "latest",
        "gulp-sourcemaps": "latest",
        "merge2": "latest",
        "minimist": "latest",
        "mkdirp": "latest",
        "mocha": "latest",
        "mocha-fivemat-progress-reporter": "latest",
        "ms": "^2.1.3",
        "node-fetch": "^2.6.1",
        "plugin-error": "latest",
        "pretty-hrtime": "^1.0.3",
        "prex": "^0.4.3",
        "q": "latest",
        "source-map-support": "latest",
        "through2": "latest",
        "typescript": "^4.5.5",
        "vinyl": "latest",
        "vinyl-sourcemaps-apply": "latest",
        "xml2js": "^0.4.19"
      }
    },
    "vite": {
      "version": "file:../../node_modules/.pnpm/vite@2.9.9/node_modules/vite",
      "requires": {
        "@ampproject/remapping": "^2.2.0",
        "@babel/parser": "^7.17.10",
        "@babel/types": "^7.17.10",
        "@jridgewell/trace-mapping": "^0.3.9",
        "@rollup/plugin-alias": "^3.1.9",
        "@rollup/plugin-commonjs": "^21.1.0",
        "@rollup/plugin-dynamic-import-vars": "^1.4.3",
        "@rollup/plugin-json": "^4.1.0",
        "@rollup/plugin-node-resolve": "13.2.1",
        "@rollup/plugin-typescript": "^8.3.2",
        "@rollup/pluginutils": "^4.2.1",
        "@types/convert-source-map": "^1.5.2",
        "@types/cross-spawn": "^6.0.2",
        "@types/debug": "^4.1.7",
        "@types/estree": "^0.0.51",
        "@types/etag": "^1.8.1",
        "@types/less": "^3.0.3",
        "@types/micromatch": "^4.0.2",
        "@types/mime": "^2.0.3",
        "@types/node": "^17.0.25",
        "@types/resolve": "^1.20.2",
        "@types/sass": "~1.43.1",
        "@types/stylus": "^0.48.37",
        "@types/ws": "^8.5.3",
        "@vue/compiler-dom": "^3.2.33",
        "acorn": "^8.7.1",
        "cac": "6.7.9",
        "chokidar": "^3.5.3",
        "connect": "^3.7.0",
        "connect-history-api-fallback": "^1.6.0",
        "convert-source-map": "^1.8.0",
        "cors": "^2.8.5",
        "cross-spawn": "^7.0.3",
        "debug": "^4.3.4",
        "dotenv": "^14.3.2",
        "dotenv-expand": "^5.1.0",
        "es-module-lexer": "^0.10.5",
        "esbuild": "^0.14.27",
        "estree-walker": "^2.0.2",
        "etag": "^1.8.1",
        "fast-glob": "^3.2.11",
        "fsevents": "~2.3.2",
        "http-proxy": "^1.18.1",
        "json5": "^2.2.1",
        "launch-editor-middleware": "^2.3.0",
        "magic-string": "^0.26.1",
        "micromatch": "^4.0.5",
        "mrmime": "^1.0.0",
        "node-forge": "^1.3.1",
        "okie": "^1.0.1",
        "open": "^8.4.0",
        "periscopic": "^2.0.3",
        "picocolors": "^1.0.0",
        "postcss": "^8.4.13",
        "postcss-import": "^14.1.0",
        "postcss-load-config": "^3.1.4",
        "postcss-modules": "^4.3.1",
        "resolve": "^1.22.0",
        "resolve.exports": "^1.1.0",
        "rollup": "^2.59.0",
        "rollup-plugin-license": "^2.7.0",
        "sirv": "^2.0.2",
        "source-map-js": "^1.0.2",
        "source-map-support": "^0.5.21",
        "strip-ansi": "^6.0.1",
        "strip-literal": "^0.2.0",
        "terser": "^5.13.1",
        "tsconfck": "^1.2.2",
        "tslib": "^2.4.0",
        "types": "link:./types",
        "ws": "^8.6.0"
      }
    }
  }
}
